
Microsoft Visual Studio Solution File, Format Version 12.00
# Visual Studio Version 16
VisualStudioVersion = 16.0.31424.327
MinimumVisualStudioVersion = 10.0.40219.1
Project("{FAE04EC0-301F-11D3-BF4B-00C04F79EFBC}") = "MoonBuggyGUI", "MoonBuggyGUI.csproj", "{505720C9-7557-4CB2-823E-A0C4CA28B7AF}"
EndProject
Global
	GlobalSection(SolutionConfigurationPlatforms) = preSolution
		Debug|Any CPU = Debug|Any CPU
		Release|Any CPU = Release|Any CPU
	EndGlobalSection
	GlobalSection(ProjectConfigurationPlatforms) = postSolution
		{505720C9-7557-4CB2-823E-A0C4CA28B7AF}.Debug|Any CPU.ActiveCfg = Debug|Any CPU
		{505720C9-7557-4CB2-823E-A0C4CA28B7AF}.Debug|Any CPU.Build.0 = Debug|Any CPU
		{505720C9-7557-4CB2-823E-A0C4CA28B7AF}.Release|Any CPU.ActiveCfg = Release|Any CPU
		{505720C9-7557-4CB2-823E-A0C4CA28B7AF}.Release|Any CPU.Build.0 = Release|Any CPU
	EndGlobalSection
	GlobalSection(SolutionProperties) = preSolution
		HideSolutionNode = FALSE
	EndGlobalSection
	GlobalSection(ExtensibilityGlobals) = postSolution
		SolutionGuid = {659D6A07-0EF8-4116-A2BE-815AC7A3EFB4}
	EndGlobalSection
EndGlobal
